
Microsoft Visual Studio Solution File, Format Version 12.00
# Visual Studio 15
VisualStudioVersion = 15.0.28307.489
MinimumVisualStudioVersion = 10.0.40219.1
Project("{8BC9CEB8-8B4A-11D0-8D11-00A0C91BC942}") = "Offer03", "Offer03\Offer03.vcxproj", "{6F949D10-BFF2-48FF-80D0-FC67F0F56A63}"
EndProject
Project("{8BC9CEB8-8B4A-11D0-8D11-00A0C91BC942}") = "Offer04", "Offer04\Offer04.vcxproj", "{CA72D48D-64F7-4E9C-86B2-CEA9BF598AA0}"
EndProject
Project("{8BC9CEB8-8B4A-11D0-8D11-00A0C91BC942}") = "Offer05", "Offer05\Offer05.vcxproj", "{48B9C59B-A671-47E8-920B-280161D02211}"
EndProject
Project("{8BC9CEB8-8B4A-11D0-8D11-00A0C91BC942}") = "Offer06", "Offer06\Offer06.vcxproj", "{950C0543-3A7D-455E-A3D7-F41B5670478D}"
EndProject
Project("{8BC9CEB8-8B4A-11D0-8D11-00A0C91BC942}") = "Offer07", "Offer07\Offer07.vcxproj", "{2CB10747-E43A-4127-AF88-DFBE62C62029}"
EndProject
Project("{8BC9CEB8-8B4A-11D0-8D11-00A0C91BC942}") = "Offer08", "Offer08\Offer08.vcxproj", "{600C258A-8DDA-4A8B-983F-EAAD7A4E4044}"
EndProject
Project("{8BC9CEB8-8B4A-11D0-8D11-00A0C91BC942}") = "Offer09", "Offer09\Offer09.vcxproj", "{4EF5FB68-535D-4ED7-8506-ECBF21E35AB5}"
EndProject
Project("{8BC9CEB8-8B4A-11D0-8D11-00A0C91BC942}") = "Offer10", "Offer10\Offer10.vcxproj", "{2AA444AF-9C46-4762-B13E-9B6F8114720F}"
EndProject
Project("{8BC9CEB8-8B4A-11D0-8D11-00A0C91BC942}") = "Offer11", "Offer11\Offer11.vcxproj", "{474A2620-A60D-4BBE-BAAF-73CBBEA2D04B}"
EndProject
Project("{8BC9CEB8-8B4A-11D0-8D11-00A0C91BC942}") = "Offer12", "Offer12\Offer12.vcxproj", "{B3498DA4-8C8C-4D89-9A14-02BCAB82D83E}"
EndProject
Project("{8BC9CEB8-8B4A-11D0-8D11-00A0C91BC942}") = "Offer13", "Offer13\Offer13.vcxproj", "{3C72DA4B-C88F-451A-ADC4-FEB571226942}"
EndProject
Project("{8BC9CEB8-8B4A-11D0-8D11-00A0C91BC942}") = "Offer14", "Offer14\Offer14.vcxproj", "{8F6D3D37-883B-4D1C-8CBE-5068A3C57F54}"
EndProject
Project("{8BC9CEB8-8B4A-11D0-8D11-00A0C91BC942}") = "Offer15", "Offer15\Offer15.vcxproj", "{171F587D-D2A8-4C1D-90AF-A05804D04946}"
EndProject
Project("{8BC9CEB8-8B4A-11D0-8D11-00A0C91BC942}") = "Offer14-2", "Offer14-2\Offer14-2.vcxproj", "{18349B21-1F0A-4CC4-84C4-EC4E6DABB354}"
EndProject
Project("{8BC9CEB8-8B4A-11D0-8D11-00A0C91BC942}") = "Offer16", "Offer16\Offer16.vcxproj", "{206ED7C1-1F29-4EF9-8F23-A3D60707F9B2}"
EndProject
Project("{8BC9CEB8-8B4A-11D0-8D11-00A0C91BC942}") = "Offer17", "Offer17\Offer17.vcxproj", "{07C265F4-DF61-4C1A-90CF-2A882835E18B}"
EndProject
Project("{8BC9CEB8-8B4A-11D0-8D11-00A0C91BC942}") = "Offer18", "Offer18\Offer18.vcxproj", "{D3721224-9E0F-4397-A46C-C25CF7D98373}"
EndProject
Project("{8BC9CEB8-8B4A-11D0-8D11-00A0C91BC942}") = "Offer21", "Offer21\Offer21.vcxproj", "{451A9414-6DFD-4A52-A9D1-E5307BDB2CC5}"
EndProject
Project("{8BC9CEB8-8B4A-11D0-8D11-00A0C91BC942}") = "Offer22", "Offer22\Offer22.vcxproj", "{60B60922-6B7A-4F99-B948-21F22E3AAB79}"
EndProject
Project("{8BC9CEB8-8B4A-11D0-8D11-00A0C91BC942}") = "Offer24", "Offer24\Offer24.vcxproj", "{8B43D5BC-8469-4DC0-9222-D5B1F827B85B}"
EndProject
Project("{8BC9CEB8-8B4A-11D0-8D11-00A0C91BC942}") = "Offer25", "Offer25\Offer25.vcxproj", "{D7E4908A-0BAC-4861-8EF6-46DBA2E98EFA}"
EndProject
Project("{8BC9CEB8-8B4A-11D0-8D11-00A0C91BC942}") = "Offer26", "Offer26\Offer26.vcxproj", "{EF9A8CE1-0FA1-4263-8F90-DC7CC19B8185}"
EndProject
Project("{8BC9CEB8-8B4A-11D0-8D11-00A0C91BC942}") = "Offer27", "Offer27\Offer27.vcxproj", "{AF876F11-5CA1-48AF-9E9F-2205D1F8D84E}"
EndProject
Project("{8BC9CEB8-8B4A-11D0-8D11-00A0C91BC942}") = "Offer28", "Offer28\Offer28.vcxproj", "{E13A68F4-9A13-4BDF-8E74-0111DD8E0EBA}"
EndProject
Project("{8BC9CEB8-8B4A-11D0-8D11-00A0C91BC942}") = "Offer29", "Offer29\Offer29.vcxproj", "{7C12D480-DC66-4D3F-B93D-186929F465BF}"
EndProject
Project("{8BC9CEB8-8B4A-11D0-8D11-00A0C91BC942}") = "Offer30", "Offer30\Offer30.vcxproj", "{064D943C-7360-4F00-9528-577A7E2EBB7D}"
EndProject
Project("{8BC9CEB8-8B4A-11D0-8D11-00A0C91BC942}") = "Offer31", "Offer31\Offer31.vcxproj", "{11092C42-CDC0-4F0D-8F78-FFEF4C915F60}"
EndProject
Project("{8BC9CEB8-8B4A-11D0-8D11-00A0C91BC942}") = "Offer32-1", "Offer32-1\Offer32-1.vcxproj", "{59AD1899-A044-4BAC-A32B-EC7331EA67D7}"
EndProject
Project("{8BC9CEB8-8B4A-11D0-8D11-00A0C91BC942}") = "Offer32-2", "Offer32-2\Offer32-2.vcxproj", "{29E81179-98F0-40EE-8A31-53C50753F44C}"
EndProject
Project("{8BC9CEB8-8B4A-11D0-8D11-00A0C91BC942}") = "Offer32-3", "Offer32-3\Offer32-3.vcxproj", "{188DFAF7-C551-4F5E-98B2-16AC76080A3C}"
EndProject
Project("{8BC9CEB8-8B4A-11D0-8D11-00A0C91BC942}") = "Offer33", "Offer33\Offer33.vcxproj", "{88F1044C-8C65-4D1A-91A3-73396ABC7A02}"
EndProject
Project("{8BC9CEB8-8B4A-11D0-8D11-00A0C91BC942}") = "Offer34", "Offer34\Offer34.vcxproj", "{14FF245D-5729-4131-AA47-F7EE618545AC}"
EndProject
Project("{8BC9CEB8-8B4A-11D0-8D11-00A0C91BC942}") = "Offer36", "Offer36\Offer36.vcxproj", "{E1FADA49-2E0E-4C0D-B072-49BF3B6AC7A6}"
EndProject
Project("{8BC9CEB8-8B4A-11D0-8D11-00A0C91BC942}") = "Offer38", "Offer38\Offer38.vcxproj", "{C6101989-37E6-4FAE-9453-9063798003B2}"
EndProject
Project("{8BC9CEB8-8B4A-11D0-8D11-00A0C91BC942}") = "Offer39", "Offer39\Offer39.vcxproj", "{29E392D4-5C33-4AA6-9C22-B659AC17B856}"
EndProject
Project("{8BC9CEB8-8B4A-11D0-8D11-00A0C91BC942}") = "Offer40", "Offer40\Offer40.vcxproj", "{876E6342-0EDD-48A8-A40C-E503BA503AFD}"
EndProject
Project("{8BC9CEB8-8B4A-11D0-8D11-00A0C91BC942}") = "Offer41", "Offer41\Offer41.vcxproj", "{872E5A55-15FB-4F69-A737-018B2D5F8561}"
EndProject
Project("{8BC9CEB8-8B4A-11D0-8D11-00A0C91BC942}") = "Offer42", "Offer42\Offer42.vcxproj", "{7B55435F-70F0-48AB-801A-DA5E054D5109}"
EndProject
Project("{8BC9CEB8-8B4A-11D0-8D11-00A0C91BC942}") = "Offer45", "Offer45\Offer45.vcxproj", "{2AD8BE4C-C1FF-4437-94B9-6ACE1E563956}"
EndProject
Project("{8BC9CEB8-8B4A-11D0-8D11-00A0C91BC942}") = "Offer46", "Offer46\Offer46.vcxproj", "{33A26111-FDAB-4C7F-A279-182C6936C8F9}"
EndProject
Project("{8BC9CEB8-8B4A-11D0-8D11-00A0C91BC942}") = "Offer47", "Offer47\Offer47.vcxproj", "{720DA3E9-0861-47B1-9CC3-CC5FA86A9491}"
EndProject
Project("{8BC9CEB8-8B4A-11D0-8D11-00A0C91BC942}") = "Offer48", "Offer48\Offer48.vcxproj", "{F65870F3-D91D-443F-B25A-3DD9D1804DEB}"
EndProject
Project("{8BC9CEB8-8B4A-11D0-8D11-00A0C91BC942}") = "Offer49", "Offer49\Offer49.vcxproj", "{34142B4A-8E21-4FB2-A5BF-07C28CC63604}"
EndProject
Project("{8BC9CEB8-8B4A-11D0-8D11-00A0C91BC942}") = "Offer50", "Offer50\Offer50.vcxproj", "{A304856C-A23C-4647-8699-65C80391BBC3}"
EndProject
Project("{8BC9CEB8-8B4A-11D0-8D11-00A0C91BC942}") = "Offer52", "Offer52\Offer52.vcxproj", "{9FEFC12F-7757-43B0-B007-3C0D6A854FFE}"
EndProject
Project("{8BC9CEB8-8B4A-11D0-8D11-00A0C91BC942}") = "Offer53-1", "Offer53-1\Offer53-1.vcxproj", "{A2D3CF5F-30F6-457C-AA23-2D00D0EE4C5A}"
EndProject
Project("{8BC9CEB8-8B4A-11D0-8D11-00A0C91BC942}") = "Offer53-2", "Offer53-2\Offer53-2.vcxproj", "{606788D7-CB38-4638-97D0-3B9598E4F7C1}"
EndProject
Project("{8BC9CEB8-8B4A-11D0-8D11-00A0C91BC942}") = "Offer54", "Offer54\Offer54.vcxproj", "{9238BD36-78BE-4A5E-A798-697DC76FF8C0}"
EndProject
Project("{8BC9CEB8-8B4A-11D0-8D11-00A0C91BC942}") = "Offer55", "Offer55\Offer55.vcxproj", "{6E8ACC16-8821-40F4-8FCE-E31257362C31}"
EndProject
Project("{8BC9CEB8-8B4A-11D0-8D11-00A0C91BC942}") = "Offer55-2", "Offer55-2\Offer55-2.vcxproj", "{C8B3A602-A531-4C60-890C-338F3108D313}"
EndProject
Project("{8BC9CEB8-8B4A-11D0-8D11-00A0C91BC942}") = "Offer56-1", "Offer56-1\Offer56-1.vcxproj", "{E38C502F-4178-49BE-818D-FF49EA0BA501}"
EndProject
Project("{8BC9CEB8-8B4A-11D0-8D11-00A0C91BC942}") = "Offer56-2", "Offer56-2\Offer56-2.vcxproj", "{907E64C9-7B41-4384-9F2B-4270E772B7CD}"
EndProject
Project("{8BC9CEB8-8B4A-11D0-8D11-00A0C91BC942}") = "Offer57", "Offer57\Offer57.vcxproj", "{5EB6CDFD-1E6D-4503-B788-5AC73F20FA76}"
EndProject
Project("{8BC9CEB8-8B4A-11D0-8D11-00A0C91BC942}") = "Offer57-2", "Offer57-2\Offer57-2.vcxproj", "{6BE27915-930F-4458-B98D-C96EFC4A9826}"
EndProject
Project("{8BC9CEB8-8B4A-11D0-8D11-00A0C91BC942}") = "Offer58-1", "Offer58-1\Offer58-1.vcxproj", "{6A0398C9-31B6-4248-92E8-D9CB704045BE}"
EndProject
Project("{8BC9CEB8-8B4A-11D0-8D11-00A0C91BC942}") = "Offer58-2", "Offer58-2\Offer58-2.vcxproj", "{9DC92E62-5EA0-4D30-9AF5-C387B29EC1A5}"
EndProject
Project("{8BC9CEB8-8B4A-11D0-8D11-00A0C91BC942}") = "Offer59-1", "Offer59-1\Offer59-1.vcxproj", "{8FF27B58-6438-4503-BC90-141B5069FF76}"
EndProject
Project("{8BC9CEB8-8B4A-11D0-8D11-00A0C91BC942}") = "Offer59-2", "Offer59-2\Offer59-2.vcxproj", "{4E5454D1-2024-4261-BD78-F1BC135E69AC}"
EndProject
Project("{8BC9CEB8-8B4A-11D0-8D11-00A0C91BC942}") = "BinaryTreeTraversal", "BinaryTreeTraversal\BinaryTreeTraversal.vcxproj", "{93ACF220-FF0E-484E-83D6-A85EA5BA3E96}"
EndProject
Project("{8BC9CEB8-8B4A-11D0-8D11-00A0C91BC942}") = "SortAlgorithm", "SortAlgorithm\SortAlgorithm.vcxproj", "{2B395C7B-08B7-4B24-BE42-4D951C542C50}"
EndProject
Project("{8BC9CEB8-8B4A-11D0-8D11-00A0C91BC942}") = "Offer60", "Offer60\Offer60.vcxproj", "{9140AEDF-687A-499C-B9B9-AB4149D66F2E}"
EndProject
Project("{8BC9CEB8-8B4A-11D0-8D11-00A0C91BC942}") = "Offer61", "Offer61\Offer61.vcxproj", "{E326C29E-7BEC-4EB8-9BDD-192DCCE97B77}"
EndProject
Project("{8BC9CEB8-8B4A-11D0-8D11-00A0C91BC942}") = "Offer62", "Offer62\Offer62.vcxproj", "{67AB3090-8A15-4DB7-B0DE-6EBA4BF75430}"
EndProject
Project("{8BC9CEB8-8B4A-11D0-8D11-00A0C91BC942}") = "Offer63", "Offer63\Offer63.vcxproj", "{7D197166-AAB5-4B6E-A60A-463E7B0BC88A}"
EndProject
Project("{8BC9CEB8-8B4A-11D0-8D11-00A0C91BC942}") = "Offer64", "Offer64\Offer64.vcxproj", "{37957D80-50C8-4259-B51A-FA62F6A5B886}"
EndProject
Project("{8BC9CEB8-8B4A-11D0-8D11-00A0C91BC942}") = "Offer65", "Offer65\Offer65.vcxproj", "{775DA3BA-0E27-446C-9341-DB1A05621963}"
EndProject
Project("{8BC9CEB8-8B4A-11D0-8D11-00A0C91BC942}") = "Offer66", "Offer66\Offer66.vcxproj", "{647EC391-4323-41FB-97B0-C19FA960F922}"
EndProject
Project("{8BC9CEB8-8B4A-11D0-8D11-00A0C91BC942}") = "Offer67", "Offer67\Offer67.vcxproj", "{ACEBF8EF-8673-4FC5-860C-E0E9AE07DC6F}"
EndProject
Project("{8BC9CEB8-8B4A-11D0-8D11-00A0C91BC942}") = "Offer68-1", "Offer68-1\Offer68-1.vcxproj", "{AD507A7F-9781-4AE3-BB42-7FD7477031FB}"
EndProject
Project("{8BC9CEB8-8B4A-11D0-8D11-00A0C91BC942}") = "Offer68-2", "Offer68-2\Offer68-2.vcxproj", "{AE851BC0-5781-404A-80A9-193BA4AB4715}"
EndProject
Project("{8BC9CEB8-8B4A-11D0-8D11-00A0C91BC942}") = "KMP", "KMP\KMP.vcxproj", "{F3649C50-25EE-4118-B75D-998B62AD30ED}"
EndProject
Global
	GlobalSection(SolutionConfigurationPlatforms) = preSolution
		Debug|x64 = Debug|x64
		Debug|x86 = Debug|x86
		Release|x64 = Release|x64
		Release|x86 = Release|x86
	EndGlobalSection
	GlobalSection(ProjectConfigurationPlatforms) = postSolution
		{6F949D10-BFF2-48FF-80D0-FC67F0F56A63}.Debug|x64.ActiveCfg = Debug|x64
		{6F949D10-BFF2-48FF-80D0-FC67F0F56A63}.Debug|x64.Build.0 = Debug|x64
		{6F949D10-BFF2-48FF-80D0-FC67F0F56A63}.Debug|x86.ActiveCfg = Debug|Win32
		{6F949D10-BFF2-48FF-80D0-FC67F0F56A63}.Debug|x86.Build.0 = Debug|Win32
		{6F949D10-BFF2-48FF-80D0-FC67F0F56A63}.Release|x64.ActiveCfg = Release|x64
		{6F949D10-BFF2-48FF-80D0-FC67F0F56A63}.Release|x64.Build.0 = Release|x64
		{6F949D10-BFF2-48FF-80D0-FC67F0F56A63}.Release|x86.ActiveCfg = Release|Win32
		{6F949D10-BFF2-48FF-80D0-FC67F0F56A63}.Release|x86.Build.0 = Release|Win32
		{CA72D48D-64F7-4E9C-86B2-CEA9BF598AA0}.Debug|x64.ActiveCfg = Debug|x64
		{CA72D48D-64F7-4E9C-86B2-CEA9BF598AA0}.Debug|x64.Build.0 = Debug|x64
		{CA72D48D-64F7-4E9C-86B2-CEA9BF598AA0}.Debug|x86.ActiveCfg = Debug|Win32
		{CA72D48D-64F7-4E9C-86B2-CEA9BF598AA0}.Debug|x86.Build.0 = Debug|Win32
		{CA72D48D-64F7-4E9C-86B2-CEA9BF598AA0}.Release|x64.ActiveCfg = Release|x64
		{CA72D48D-64F7-4E9C-86B2-CEA9BF598AA0}.Release|x64.Build.0 = Release|x64
		{CA72D48D-64F7-4E9C-86B2-CEA9BF598AA0}.Release|x86.ActiveCfg = Release|Win32
		{CA72D48D-64F7-4E9C-86B2-CEA9BF598AA0}.Release|x86.Build.0 = Release|Win32
		{48B9C59B-A671-47E8-920B-280161D02211}.Debug|x64.ActiveCfg = Debug|x64
		{48B9C59B-A671-47E8-920B-280161D02211}.Debug|x64.Build.0 = Debug|x64
		{48B9C59B-A671-47E8-920B-280161D02211}.Debug|x86.ActiveCfg = Debug|Win32
		{48B9C59B-A671-47E8-920B-280161D02211}.Debug|x86.Build.0 = Debug|Win32
		{48B9C59B-A671-47E8-920B-280161D02211}.Release|x64.ActiveCfg = Release|x64
		{48B9C59B-A671-47E8-920B-280161D02211}.Release|x64.Build.0 = Release|x64
		{48B9C59B-A671-47E8-920B-280161D02211}.Release|x86.ActiveCfg = Release|Win32
		{48B9C59B-A671-47E8-920B-280161D02211}.Release|x86.Build.0 = Release|Win32
		{950C0543-3A7D-455E-A3D7-F41B5670478D}.Debug|x64.ActiveCfg = Debug|x64
		{950C0543-3A7D-455E-A3D7-F41B5670478D}.Debug|x64.Build.0 = Debug|x64
		{950C0543-3A7D-455E-A3D7-F41B5670478D}.Debug|x86.ActiveCfg = Debug|Win32
		{950C0543-3A7D-455E-A3D7-F41B5670478D}.Debug|x86.Build.0 = Debug|Win32
		{950C0543-3A7D-455E-A3D7-F41B5670478D}.Release|x64.ActiveCfg = Release|x64
		{950C0543-3A7D-455E-A3D7-F41B5670478D}.Release|x64.Build.0 = Release|x64
		{950C0543-3A7D-455E-A3D7-F41B5670478D}.Release|x86.ActiveCfg = Release|Win32
		{950C0543-3A7D-455E-A3D7-F41B5670478D}.Release|x86.Build.0 = Release|Win32
		{2CB10747-E43A-4127-AF88-DFBE62C62029}.Debug|x64.ActiveCfg = Debug|x64
		{2CB10747-E43A-4127-AF88-DFBE62C62029}.Debug|x64.Build.0 = Debug|x64
		{2CB10747-E43A-4127-AF88-DFBE62C62029}.Debug|x86.ActiveCfg = Debug|Win32
		{2CB10747-E43A-4127-AF88-DFBE62C62029}.Debug|x86.Build.0 = Debug|Win32
		{2CB10747-E43A-4127-AF88-DFBE62C62029}.Release|x64.ActiveCfg = Release|x64
		{2CB10747-E43A-4127-AF88-DFBE62C62029}.Release|x64.Build.0 = Release|x64
		{2CB10747-E43A-4127-AF88-DFBE62C62029}.Release|x86.ActiveCfg = Release|Win32
		{2CB10747-E43A-4127-AF88-DFBE62C62029}.Release|x86.Build.0 = Release|Win32
		{600C258A-8DDA-4A8B-983F-EAAD7A4E4044}.Debug|x64.ActiveCfg = Debug|x64
		{600C258A-8DDA-4A8B-983F-EAAD7A4E4044}.Debug|x64.Build.0 = Debug|x64
		{600C258A-8DDA-4A8B-983F-EAAD7A4E4044}.Debug|x86.ActiveCfg = Debug|Win32
		{600C258A-8DDA-4A8B-983F-EAAD7A4E4044}.Debug|x86.Build.0 = Debug|Win32
		{600C258A-8DDA-4A8B-983F-EAAD7A4E4044}.Release|x64.ActiveCfg = Release|x64
		{600C258A-8DDA-4A8B-983F-EAAD7A4E4044}.Release|x64.Build.0 = Release|x64
		{600C258A-8DDA-4A8B-983F-EAAD7A4E4044}.Release|x86.ActiveCfg = Release|Win32
		{600C258A-8DDA-4A8B-983F-EAAD7A4E4044}.Release|x86.Build.0 = Release|Win32
		{4EF5FB68-535D-4ED7-8506-ECBF21E35AB5}.Debug|x64.ActiveCfg = Debug|x64
		{4EF5FB68-535D-4ED7-8506-ECBF21E35AB5}.Debug|x64.Build.0 = Debug|x64
		{4EF5FB68-535D-4ED7-8506-ECBF21E35AB5}.Debug|x86.ActiveCfg = Debug|Win32
		{4EF5FB68-535D-4ED7-8506-ECBF21E35AB5}.Debug|x86.Build.0 = Debug|Win32
		{4EF5FB68-535D-4ED7-8506-ECBF21E35AB5}.Release|x64.ActiveCfg = Release|x64
		{4EF5FB68-535D-4ED7-8506-ECBF21E35AB5}.Release|x64.Build.0 = Release|x64
		{4EF5FB68-535D-4ED7-8506-ECBF21E35AB5}.Release|x86.ActiveCfg = Release|Win32
		{4EF5FB68-535D-4ED7-8506-ECBF21E35AB5}.Release|x86.Build.0 = Release|Win32
		{2AA444AF-9C46-4762-B13E-9B6F8114720F}.Debug|x64.ActiveCfg = Debug|x64
		{2AA444AF-9C46-4762-B13E-9B6F8114720F}.Debug|x64.Build.0 = Debug|x64
		{2AA444AF-9C46-4762-B13E-9B6F8114720F}.Debug|x86.ActiveCfg = Debug|Win32
		{2AA444AF-9C46-4762-B13E-9B6F8114720F}.Debug|x86.Build.0 = Debug|Win32
		{2AA444AF-9C46-4762-B13E-9B6F8114720F}.Release|x64.ActiveCfg = Release|x64
		{2AA444AF-9C46-4762-B13E-9B6F8114720F}.Release|x64.Build.0 = Release|x64
		{2AA444AF-9C46-4762-B13E-9B6F8114720F}.Release|x86.ActiveCfg = Release|Win32
		{2AA444AF-9C46-4762-B13E-9B6F8114720F}.Release|x86.Build.0 = Release|Win32
		{474A2620-A60D-4BBE-BAAF-73CBBEA2D04B}.Debug|x64.ActiveCfg = Debug|x64
		{474A2620-A60D-4BBE-BAAF-73CBBEA2D04B}.Debug|x64.Build.0 = Debug|x64
		{474A2620-A60D-4BBE-BAAF-73CBBEA2D04B}.Debug|x86.ActiveCfg = Debug|Win32
		{474A2620-A60D-4BBE-BAAF-73CBBEA2D04B}.Debug|x86.Build.0 = Debug|Win32
		{474A2620-A60D-4BBE-BAAF-73CBBEA2D04B}.Release|x64.ActiveCfg = Release|x64
		{474A2620-A60D-4BBE-BAAF-73CBBEA2D04B}.Release|x64.Build.0 = Release|x64
		{474A2620-A60D-4BBE-BAAF-73CBBEA2D04B}.Release|x86.ActiveCfg = Release|Win32
		{474A2620-A60D-4BBE-BAAF-73CBBEA2D04B}.Release|x86.Build.0 = Release|Win32
		{B3498DA4-8C8C-4D89-9A14-02BCAB82D83E}.Debug|x64.ActiveCfg = Debug|x64
		{B3498DA4-8C8C-4D89-9A14-02BCAB82D83E}.Debug|x64.Build.0 = Debug|x64
		{B3498DA4-8C8C-4D89-9A14-02BCAB82D83E}.Debug|x86.ActiveCfg = Debug|Win32
		{B3498DA4-8C8C-4D89-9A14-02BCAB82D83E}.Debug|x86.Build.0 = Debug|Win32
		{B3498DA4-8C8C-4D89-9A14-02BCAB82D83E}.Release|x64.ActiveCfg = Release|x64
		{B3498DA4-8C8C-4D89-9A14-02BCAB82D83E}.Release|x64.Build.0 = Release|x64
		{B3498DA4-8C8C-4D89-9A14-02BCAB82D83E}.Release|x86.ActiveCfg = Release|Win32
		{B3498DA4-8C8C-4D89-9A14-02BCAB82D83E}.Release|x86.Build.0 = Release|Win32
		{3C72DA4B-C88F-451A-ADC4-FEB571226942}.Debug|x64.ActiveCfg = Debug|x64
		{3C72DA4B-C88F-451A-ADC4-FEB571226942}.Debug|x64.Build.0 = Debug|x64
		{3C72DA4B-C88F-451A-ADC4-FEB571226942}.Debug|x86.ActiveCfg = Debug|Win32
		{3C72DA4B-C88F-451A-ADC4-FEB571226942}.Debug|x86.Build.0 = Debug|Win32
		{3C72DA4B-C88F-451A-ADC4-FEB571226942}.Release|x64.ActiveCfg = Release|x64
		{3C72DA4B-C88F-451A-ADC4-FEB571226942}.Release|x64.Build.0 = Release|x64
		{3C72DA4B-C88F-451A-ADC4-FEB571226942}.Release|x86.ActiveCfg = Release|Win32
		{3C72DA4B-C88F-451A-ADC4-FEB571226942}.Release|x86.Build.0 = Release|Win32
		{8F6D3D37-883B-4D1C-8CBE-5068A3C57F54}.Debug|x64.ActiveCfg = Debug|x64
		{8F6D3D37-883B-4D1C-8CBE-5068A3C57F54}.Debug|x64.Build.0 = Debug|x64
		{8F6D3D37-883B-4D1C-8CBE-5068A3C57F54}.Debug|x86.ActiveCfg = Debug|Win32
		{8F6D3D37-883B-4D1C-8CBE-5068A3C57F54}.Debug|x86.Build.0 = Debug|Win32
		{8F6D3D37-883B-4D1C-8CBE-5068A3C57F54}.Release|x64.ActiveCfg = Release|x64
		{8F6D3D37-883B-4D1C-8CBE-5068A3C57F54}.Release|x64.Build.0 = Release|x64
		{8F6D3D37-883B-4D1C-8CBE-5068A3C57F54}.Release|x86.ActiveCfg = Release|Win32
		{8F6D3D37-883B-4D1C-8CBE-5068A3C57F54}.Release|x86.Build.0 = Release|Win32
		{171F587D-D2A8-4C1D-90AF-A05804D04946}.Debug|x64.ActiveCfg = Debug|x64
		{171F587D-D2A8-4C1D-90AF-A05804D04946}.Debug|x64.Build.0 = Debug|x64
		{171F587D-D2A8-4C1D-90AF-A05804D04946}.Debug|x86.ActiveCfg = Debug|Win32
		{171F587D-D2A8-4C1D-90AF-A05804D04946}.Debug|x86.Build.0 = Debug|Win32
		{171F587D-D2A8-4C1D-90AF-A05804D04946}.Release|x64.ActiveCfg = Release|x64
		{171F587D-D2A8-4C1D-90AF-A05804D04946}.Release|x64.Build.0 = Release|x64
		{171F587D-D2A8-4C1D-90AF-A05804D04946}.Release|x86.ActiveCfg = Release|Win32
		{171F587D-D2A8-4C1D-90AF-A05804D04946}.Release|x86.Build.0 = Release|Win32
		{18349B21-1F0A-4CC4-84C4-EC4E6DABB354}.Debug|x64.ActiveCfg = Debug|x64
		{18349B21-1F0A-4CC4-84C4-EC4E6DABB354}.Debug|x64.Build.0 = Debug|x64
		{18349B21-1F0A-4CC4-84C4-EC4E6DABB354}.Debug|x86.ActiveCfg = Debug|Win32
		{18349B21-1F0A-4CC4-84C4-EC4E6DABB354}.Debug|x86.Build.0 = Debug|Win32
		{18349B21-1F0A-4CC4-84C4-EC4E6DABB354}.Release|x64.ActiveCfg = Release|x64
		{18349B21-1F0A-4CC4-84C4-EC4E6DABB354}.Release|x64.Build.0 = Release|x64
		{18349B21-1F0A-4CC4-84C4-EC4E6DABB354}.Release|x86.ActiveCfg = Release|Win32
		{18349B21-1F0A-4CC4-84C4-EC4E6DABB354}.Release|x86.Build.0 = Release|Win32
		{206ED7C1-1F29-4EF9-8F23-A3D60707F9B2}.Debug|x64.ActiveCfg = Debug|x64
		{206ED7C1-1F29-4EF9-8F23-A3D60707F9B2}.Debug|x64.Build.0 = Debug|x64
		{206ED7C1-1F29-4EF9-8F23-A3D60707F9B2}.Debug|x86.ActiveCfg = Debug|Win32
		{206ED7C1-1F29-4EF9-8F23-A3D60707F9B2}.Debug|x86.Build.0 = Debug|Win32
		{206ED7C1-1F29-4EF9-8F23-A3D60707F9B2}.Release|x64.ActiveCfg = Release|x64
		{206ED7C1-1F29-4EF9-8F23-A3D60707F9B2}.Release|x64.Build.0 = Release|x64
		{206ED7C1-1F29-4EF9-8F23-A3D60707F9B2}.Release|x86.ActiveCfg = Release|Win32
		{206ED7C1-1F29-4EF9-8F23-A3D60707F9B2}.Release|x86.Build.0 = Release|Win32
		{07C265F4-DF61-4C1A-90CF-2A882835E18B}.Debug|x64.ActiveCfg = Debug|x64
		{07C265F4-DF61-4C1A-90CF-2A882835E18B}.Debug|x64.Build.0 = Debug|x64
		{07C265F4-DF61-4C1A-90CF-2A882835E18B}.Debug|x86.ActiveCfg = Debug|Win32
		{07C265F4-DF61-4C1A-90CF-2A882835E18B}.Debug|x86.Build.0 = Debug|Win32
		{07C265F4-DF61-4C1A-90CF-2A882835E18B}.Release|x64.ActiveCfg = Release|x64
		{07C265F4-DF61-4C1A-90CF-2A882835E18B}.Release|x64.Build.0 = Release|x64
		{07C265F4-DF61-4C1A-90CF-2A882835E18B}.Release|x86.ActiveCfg = Release|Win32
		{07C265F4-DF61-4C1A-90CF-2A882835E18B}.Release|x86.Build.0 = Release|Win32
		{D3721224-9E0F-4397-A46C-C25CF7D98373}.Debug|x64.ActiveCfg = Debug|x64
		{D3721224-9E0F-4397-A46C-C25CF7D98373}.Debug|x64.Build.0 = Debug|x64
		{D3721224-9E0F-4397-A46C-C25CF7D98373}.Debug|x86.ActiveCfg = Debug|Win32
		{D3721224-9E0F-4397-A46C-C25CF7D98373}.Debug|x86.Build.0 = Debug|Win32
		{D3721224-9E0F-4397-A46C-C25CF7D98373}.Release|x64.ActiveCfg = Release|x64
		{D3721224-9E0F-4397-A46C-C25CF7D98373}.Release|x64.Build.0 = Release|x64
		{D3721224-9E0F-4397-A46C-C25CF7D98373}.Release|x86.ActiveCfg = Release|Win32
		{D3721224-9E0F-4397-A46C-C25CF7D98373}.Release|x86.Build.0 = Release|Win32
		{451A9414-6DFD-4A52-A9D1-E5307BDB2CC5}.Debug|x64.ActiveCfg = Debug|x64
		{451A9414-6DFD-4A52-A9D1-E5307BDB2CC5}.Debug|x64.Build.0 = Debug|x64
		{451A9414-6DFD-4A52-A9D1-E5307BDB2CC5}.Debug|x86.ActiveCfg = Debug|Win32
		{451A9414-6DFD-4A52-A9D1-E5307BDB2CC5}.Debug|x86.Build.0 = Debug|Win32
		{451A9414-6DFD-4A52-A9D1-E5307BDB2CC5}.Release|x64.ActiveCfg = Release|x64
		{451A9414-6DFD-4A52-A9D1-E5307BDB2CC5}.Release|x64.Build.0 = Release|x64
		{451A9414-6DFD-4A52-A9D1-E5307BDB2CC5}.Release|x86.ActiveCfg = Release|Win32
		{451A9414-6DFD-4A52-A9D1-E5307BDB2CC5}.Release|x86.Build.0 = Release|Win32
		{60B60922-6B7A-4F99-B948-21F22E3AAB79}.Debug|x64.ActiveCfg = Debug|x64
		{60B60922-6B7A-4F99-B948-21F22E3AAB79}.Debug|x64.Build.0 = Debug|x64
		{60B60922-6B7A-4F99-B948-21F22E3AAB79}.Debug|x86.ActiveCfg = Debug|Win32
		{60B60922-6B7A-4F99-B948-21F22E3AAB79}.Debug|x86.Build.0 = Debug|Win32
		{60B60922-6B7A-4F99-B948-21F22E3AAB79}.Release|x64.ActiveCfg = Release|x64
		{60B60922-6B7A-4F99-B948-21F22E3AAB79}.Release|x64.Build.0 = Release|x64
		{60B60922-6B7A-4F99-B948-21F22E3AAB79}.Release|x86.ActiveCfg = Release|Win32
		{60B60922-6B7A-4F99-B948-21F22E3AAB79}.Release|x86.Build.0 = Release|Win32
		{8B43D5BC-8469-4DC0-9222-D5B1F827B85B}.Debug|x64.ActiveCfg = Debug|x64
		{8B43D5BC-8469-4DC0-9222-D5B1F827B85B}.Debug|x64.Build.0 = Debug|x64
		{8B43D5BC-8469-4DC0-9222-D5B1F827B85B}.Debug|x86.ActiveCfg = Debug|Win32
		{8B43D5BC-8469-4DC0-9222-D5B1F827B85B}.Debug|x86.Build.0 = Debug|Win32
		{8B43D5BC-8469-4DC0-9222-D5B1F827B85B}.Release|x64.ActiveCfg = Release|x64
		{8B43D5BC-8469-4DC0-9222-D5B1F827B85B}.Release|x64.Build.0 = Release|x64
		{8B43D5BC-8469-4DC0-9222-D5B1F827B85B}.Release|x86.ActiveCfg = Release|Win32
		{8B43D5BC-8469-4DC0-9222-D5B1F827B85B}.Release|x86.Build.0 = Release|Win32
		{D7E4908A-0BAC-4861-8EF6-46DBA2E98EFA}.Debug|x64.ActiveCfg = Debug|x64
		{D7E4908A-0BAC-4861-8EF6-46DBA2E98EFA}.Debug|x64.Build.0 = Debug|x64
		{D7E4908A-0BAC-4861-8EF6-46DBA2E98EFA}.Debug|x86.ActiveCfg = Debug|Win32
		{D7E4908A-0BAC-4861-8EF6-46DBA2E98EFA}.Debug|x86.Build.0 = Debug|Win32
		{D7E4908A-0BAC-4861-8EF6-46DBA2E98EFA}.Release|x64.ActiveCfg = Release|x64
		{D7E4908A-0BAC-4861-8EF6-46DBA2E98EFA}.Release|x64.Build.0 = Release|x64
		{D7E4908A-0BAC-4861-8EF6-46DBA2E98EFA}.Release|x86.ActiveCfg = Release|Win32
		{D7E4908A-0BAC-4861-8EF6-46DBA2E98EFA}.Release|x86.Build.0 = Release|Win32
		{EF9A8CE1-0FA1-4263-8F90-DC7CC19B8185}.Debug|x64.ActiveCfg = Debug|x64
		{EF9A8CE1-0FA1-4263-8F90-DC7CC19B8185}.Debug|x64.Build.0 = Debug|x64
		{EF9A8CE1-0FA1-4263-8F90-DC7CC19B8185}.Debug|x86.ActiveCfg = Debug|Win32
		{EF9A8CE1-0FA1-4263-8F90-DC7CC19B8185}.Debug|x86.Build.0 = Debug|Win32
		{EF9A8CE1-0FA1-4263-8F90-DC7CC19B8185}.Release|x64.ActiveCfg = Release|x64
		{EF9A8CE1-0FA1-4263-8F90-DC7CC19B8185}.Release|x64.Build.0 = Release|x64
		{EF9A8CE1-0FA1-4263-8F90-DC7CC19B8185}.Release|x86.ActiveCfg = Release|Win32
		{EF9A8CE1-0FA1-4263-8F90-DC7CC19B8185}.Release|x86.Build.0 = Release|Win32
		{AF876F11-5CA1-48AF-9E9F-2205D1F8D84E}.Debug|x64.ActiveCfg = Debug|x64
		{AF876F11-5CA1-48AF-9E9F-2205D1F8D84E}.Debug|x64.Build.0 = Debug|x64
		{AF876F11-5CA1-48AF-9E9F-2205D1F8D84E}.Debug|x86.ActiveCfg = Debug|Win32
		{AF876F11-5CA1-48AF-9E9F-2205D1F8D84E}.Debug|x86.Build.0 = Debug|Win32
		{AF876F11-5CA1-48AF-9E9F-2205D1F8D84E}.Release|x64.ActiveCfg = Release|x64
		{AF876F11-5CA1-48AF-9E9F-2205D1F8D84E}.Release|x64.Build.0 = Release|x64
		{AF876F11-5CA1-48AF-9E9F-2205D1F8D84E}.Release|x86.ActiveCfg = Release|Win32
		{AF876F11-5CA1-48AF-9E9F-2205D1F8D84E}.Release|x86.Build.0 = Release|Win32
		{E13A68F4-9A13-4BDF-8E74-0111DD8E0EBA}.Debug|x64.ActiveCfg = Debug|x64
		{E13A68F4-9A13-4BDF-8E74-0111DD8E0EBA}.Debug|x64.Build.0 = Debug|x64
		{E13A68F4-9A13-4BDF-8E74-0111DD8E0EBA}.Debug|x86.ActiveCfg = Debug|Win32
		{E13A68F4-9A13-4BDF-8E74-0111DD8E0EBA}.Debug|x86.Build.0 = Debug|Win32
		{E13A68F4-9A13-4BDF-8E74-0111DD8E0EBA}.Release|x64.ActiveCfg = Release|x64
		{E13A68F4-9A13-4BDF-8E74-0111DD8E0EBA}.Release|x64.Build.0 = Release|x64
		{E13A68F4-9A13-4BDF-8E74-0111DD8E0EBA}.Release|x86.ActiveCfg = Release|Win32
		{E13A68F4-9A13-4BDF-8E74-0111DD8E0EBA}.Release|x86.Build.0 = Release|Win32
		{7C12D480-DC66-4D3F-B93D-186929F465BF}.Debug|x64.ActiveCfg = Debug|x64
		{7C12D480-DC66-4D3F-B93D-186929F465BF}.Debug|x64.Build.0 = Debug|x64
		{7C12D480-DC66-4D3F-B93D-186929F465BF}.Debug|x86.ActiveCfg = Debug|Win32
		{7C12D480-DC66-4D3F-B93D-186929F465BF}.Debug|x86.Build.0 = Debug|Win32
		{7C12D480-DC66-4D3F-B93D-186929F465BF}.Release|x64.ActiveCfg = Release|x64
		{7C12D480-DC66-4D3F-B93D-186929F465BF}.Release|x64.Build.0 = Release|x64
		{7C12D480-DC66-4D3F-B93D-186929F465BF}.Release|x86.ActiveCfg = Release|Win32
		{7C12D480-DC66-4D3F-B93D-186929F465BF}.Release|x86.Build.0 = Release|Win32
		{064D943C-7360-4F00-9528-577A7E2EBB7D}.Debug|x64.ActiveCfg = Debug|x64
		{064D943C-7360-4F00-9528-577A7E2EBB7D}.Debug|x64.Build.0 = Debug|x64
		{064D943C-7360-4F00-9528-577A7E2EBB7D}.Debug|x86.ActiveCfg = Debug|Win32
		{064D943C-7360-4F00-9528-577A7E2EBB7D}.Debug|x86.Build.0 = Debug|Win32
		{064D943C-7360-4F00-9528-577A7E2EBB7D}.Release|x64.ActiveCfg = Release|x64
		{064D943C-7360-4F00-9528-577A7E2EBB7D}.Release|x64.Build.0 = Release|x64
		{064D943C-7360-4F00-9528-577A7E2EBB7D}.Release|x86.ActiveCfg = Release|Win32
		{064D943C-7360-4F00-9528-577A7E2EBB7D}.Release|x86.Build.0 = Release|Win32
		{11092C42-CDC0-4F0D-8F78-FFEF4C915F60}.Debug|x64.ActiveCfg = Debug|x64
		{11092C42-CDC0-4F0D-8F78-FFEF4C915F60}.Debug|x64.Build.0 = Debug|x64
		{11092C42-CDC0-4F0D-8F78-FFEF4C915F60}.Debug|x86.ActiveCfg = Debug|Win32
		{11092C42-CDC0-4F0D-8F78-FFEF4C915F60}.Debug|x86.Build.0 = Debug|Win32
		{11092C42-CDC0-4F0D-8F78-FFEF4C915F60}.Release|x64.ActiveCfg = Release|x64
		{11092C42-CDC0-4F0D-8F78-FFEF4C915F60}.Release|x64.Build.0 = Release|x64
		{11092C42-CDC0-4F0D-8F78-FFEF4C915F60}.Release|x86.ActiveCfg = Release|Win32
		{11092C42-CDC0-4F0D-8F78-FFEF4C915F60}.Release|x86.Build.0 = Release|Win32
		{59AD1899-A044-4BAC-A32B-EC7331EA67D7}.Debug|x64.ActiveCfg = Debug|x64
		{59AD1899-A044-4BAC-A32B-EC7331EA67D7}.Debug|x64.Build.0 = Debug|x64
		{59AD1899-A044-4BAC-A32B-EC7331EA67D7}.Debug|x86.ActiveCfg = Debug|Win32
		{59AD1899-A044-4BAC-A32B-EC7331EA67D7}.Debug|x86.Build.0 = Debug|Win32
		{59AD1899-A044-4BAC-A32B-EC7331EA67D7}.Release|x64.ActiveCfg = Release|x64
		{59AD1899-A044-4BAC-A32B-EC7331EA67D7}.Release|x64.Build.0 = Release|x64
		{59AD1899-A044-4BAC-A32B-EC7331EA67D7}.Release|x86.ActiveCfg = Release|Win32
		{59AD1899-A044-4BAC-A32B-EC7331EA67D7}.Release|x86.Build.0 = Release|Win32
		{29E81179-98F0-40EE-8A31-53C50753F44C}.Debug|x64.ActiveCfg = Debug|x64
		{29E81179-98F0-40EE-8A31-53C50753F44C}.Debug|x64.Build.0 = Debug|x64
		{29E81179-98F0-40EE-8A31-53C50753F44C}.Debug|x86.ActiveCfg = Debug|Win32
		{29E81179-98F0-40EE-8A31-53C50753F44C}.Debug|x86.Build.0 = Debug|Win32
		{29E81179-98F0-40EE-8A31-53C50753F44C}.Release|x64.ActiveCfg = Release|x64
		{29E81179-98F0-40EE-8A31-53C50753F44C}.Release|x64.Build.0 = Release|x64
		{29E81179-98F0-40EE-8A31-53C50753F44C}.Release|x86.ActiveCfg = Release|Win32
		{29E81179-98F0-40EE-8A31-53C50753F44C}.Release|x86.Build.0 = Release|Win32
		{188DFAF7-C551-4F5E-98B2-16AC76080A3C}.Debug|x64.ActiveCfg = Debug|x64
		{188DFAF7-C551-4F5E-98B2-16AC76080A3C}.Debug|x64.Build.0 = Debug|x64
		{188DFAF7-C551-4F5E-98B2-16AC76080A3C}.Debug|x86.ActiveCfg = Debug|Win32
		{188DFAF7-C551-4F5E-98B2-16AC76080A3C}.Debug|x86.Build.0 = Debug|Win32
		{188DFAF7-C551-4F5E-98B2-16AC76080A3C}.Release|x64.ActiveCfg = Release|x64
		{188DFAF7-C551-4F5E-98B2-16AC76080A3C}.Release|x64.Build.0 = Release|x64
		{188DFAF7-C551-4F5E-98B2-16AC76080A3C}.Release|x86.ActiveCfg = Release|Win32
		{188DFAF7-C551-4F5E-98B2-16AC76080A3C}.Release|x86.Build.0 = Release|Win32
		{88F1044C-8C65-4D1A-91A3-73396ABC7A02}.Debug|x64.ActiveCfg = Debug|x64
		{88F1044C-8C65-4D1A-91A3-73396ABC7A02}.Debug|x64.Build.0 = Debug|x64
		{88F1044C-8C65-4D1A-91A3-73396ABC7A02}.Debug|x86.ActiveCfg = Debug|Win32
		{88F1044C-8C65-4D1A-91A3-73396ABC7A02}.Debug|x86.Build.0 = Debug|Win32
		{88F1044C-8C65-4D1A-91A3-73396ABC7A02}.Release|x64.ActiveCfg = Release|x64
		{88F1044C-8C65-4D1A-91A3-73396ABC7A02}.Release|x64.Build.0 = Release|x64
		{88F1044C-8C65-4D1A-91A3-73396ABC7A02}.Release|x86.ActiveCfg = Release|Win32
		{88F1044C-8C65-4D1A-91A3-73396ABC7A02}.Release|x86.Build.0 = Release|Win32
		{14FF245D-5729-4131-AA47-F7EE618545AC}.Debug|x64.ActiveCfg = Debug|x64
		{14FF245D-5729-4131-AA47-F7EE618545AC}.Debug|x64.Build.0 = Debug|x64
		{14FF245D-5729-4131-AA47-F7EE618545AC}.Debug|x86.ActiveCfg = Debug|Win32
		{14FF245D-5729-4131-AA47-F7EE618545AC}.Debug|x86.Build.0 = Debug|Win32
		{14FF245D-5729-4131-AA47-F7EE618545AC}.Release|x64.ActiveCfg = Release|x64
		{14FF245D-5729-4131-AA47-F7EE618545AC}.Release|x64.Build.0 = Release|x64
		{14FF245D-5729-4131-AA47-F7EE618545AC}.Release|x86.ActiveCfg = Release|Win32
		{14FF245D-5729-4131-AA47-F7EE618545AC}.Release|x86.Build.0 = Release|Win32
		{E1FADA49-2E0E-4C0D-B072-49BF3B6AC7A6}.Debug|x64.ActiveCfg = Debug|x64
		{E1FADA49-2E0E-4C0D-B072-49BF3B6AC7A6}.Debug|x64.Build.0 = Debug|x64
		{E1FADA49-2E0E-4C0D-B072-49BF3B6AC7A6}.Debug|x86.ActiveCfg = Debug|Win32
		{E1FADA49-2E0E-4C0D-B072-49BF3B6AC7A6}.Debug|x86.Build.0 = Debug|Win32
		{E1FADA49-2E0E-4C0D-B072-49BF3B6AC7A6}.Release|x64.ActiveCfg = Release|x64
		{E1FADA49-2E0E-4C0D-B072-49BF3B6AC7A6}.Release|x64.Build.0 = Release|x64
		{E1FADA49-2E0E-4C0D-B072-49BF3B6AC7A6}.Release|x86.ActiveCfg = Release|Win32
		{E1FADA49-2E0E-4C0D-B072-49BF3B6AC7A6}.Release|x86.Build.0 = Release|Win32
		{C6101989-37E6-4FAE-9453-9063798003B2}.Debug|x64.ActiveCfg = Debug|x64
		{C6101989-37E6-4FAE-9453-9063798003B2}.Debug|x64.Build.0 = Debug|x64
		{C6101989-37E6-4FAE-9453-9063798003B2}.Debug|x86.ActiveCfg = Debug|Win32
		{C6101989-37E6-4FAE-9453-9063798003B2}.Debug|x86.Build.0 = Debug|Win32
		{C6101989-37E6-4FAE-9453-9063798003B2}.Release|x64.ActiveCfg = Release|x64
		{C6101989-37E6-4FAE-9453-9063798003B2}.Release|x64.Build.0 = Release|x64
		{C6101989-37E6-4FAE-9453-9063798003B2}.Release|x86.ActiveCfg = Release|Win32
		{C6101989-37E6-4FAE-9453-9063798003B2}.Release|x86.Build.0 = Release|Win32
		{29E392D4-5C33-4AA6-9C22-B659AC17B856}.Debug|x64.ActiveCfg = Debug|x64
		{29E392D4-5C33-4AA6-9C22-B659AC17B856}.Debug|x64.Build.0 = Debug|x64
		{29E392D4-5C33-4AA6-9C22-B659AC17B856}.Debug|x86.ActiveCfg = Debug|Win32
		{29E392D4-5C33-4AA6-9C22-B659AC17B856}.Debug|x86.Build.0 = Debug|Win32
		{29E392D4-5C33-4AA6-9C22-B659AC17B856}.Release|x64.ActiveCfg = Release|x64
		{29E392D4-5C33-4AA6-9C22-B659AC17B856}.Release|x64.Build.0 = Release|x64
		{29E392D4-5C33-4AA6-9C22-B659AC17B856}.Release|x86.ActiveCfg = Release|Win32
		{29E392D4-5C33-4AA6-9C22-B659AC17B856}.Release|x86.Build.0 = Release|Win32
		{876E6342-0EDD-48A8-A40C-E503BA503AFD}.Debug|x64.ActiveCfg = Debug|x64
		{876E6342-0EDD-48A8-A40C-E503BA503AFD}.Debug|x64.Build.0 = Debug|x64
		{876E6342-0EDD-48A8-A40C-E503BA503AFD}.Debug|x86.ActiveCfg = Debug|Win32
		{876E6342-0EDD-48A8-A40C-E503BA503AFD}.Debug|x86.Build.0 = Debug|Win32
		{876E6342-0EDD-48A8-A40C-E503BA503AFD}.Release|x64.ActiveCfg = Release|x64
		{876E6342-0EDD-48A8-A40C-E503BA503AFD}.Release|x64.Build.0 = Release|x64
		{876E6342-0EDD-48A8-A40C-E503BA503AFD}.Release|x86.ActiveCfg = Release|Win32
		{876E6342-0EDD-48A8-A40C-E503BA503AFD}.Release|x86.Build.0 = Release|Win32
		{872E5A55-15FB-4F69-A737-018B2D5F8561}.Debug|x64.ActiveCfg = Debug|x64
		{872E5A55-15FB-4F69-A737-018B2D5F8561}.Debug|x64.Build.0 = Debug|x64
		{872E5A55-15FB-4F69-A737-018B2D5F8561}.Debug|x86.ActiveCfg = Debug|Win32
		{872E5A55-15FB-4F69-A737-018B2D5F8561}.Debug|x86.Build.0 = Debug|Win32
		{872E5A55-15FB-4F69-A737-018B2D5F8561}.Release|x64.ActiveCfg = Release|x64
		{872E5A55-15FB-4F69-A737-018B2D5F8561}.Release|x64.Build.0 = Release|x64
		{872E5A55-15FB-4F69-A737-018B2D5F8561}.Release|x86.ActiveCfg = Release|Win32
		{872E5A55-15FB-4F69-A737-018B2D5F8561}.Release|x86.Build.0 = Release|Win32
		{7B55435F-70F0-48AB-801A-DA5E054D5109}.Debug|x64.ActiveCfg = Debug|x64
		{7B55435F-70F0-48AB-801A-DA5E054D5109}.Debug|x64.Build.0 = Debug|x64
		{7B55435F-70F0-48AB-801A-DA5E054D5109}.Debug|x86.ActiveCfg = Debug|Win32
		{7B55435F-70F0-48AB-801A-DA5E054D5109}.Debug|x86.Build.0 = Debug|Win32
		{7B55435F-70F0-48AB-801A-DA5E054D5109}.Release|x64.ActiveCfg = Release|x64
		{7B55435F-70F0-48AB-801A-DA5E054D5109}.Release|x64.Build.0 = Release|x64
		{7B55435F-70F0-48AB-801A-DA5E054D5109}.Release|x86.ActiveCfg = Release|Win32
		{7B55435F-70F0-48AB-801A-DA5E054D5109}.Release|x86.Build.0 = Release|Win32
		{2AD8BE4C-C1FF-4437-94B9-6ACE1E563956}.Debug|x64.ActiveCfg = Debug|x64
		{2AD8BE4C-C1FF-4437-94B9-6ACE1E563956}.Debug|x64.Build.0 = Debug|x64
		{2AD8BE4C-C1FF-4437-94B9-6ACE1E563956}.Debug|x86.ActiveCfg = Debug|Win32
		{2AD8BE4C-C1FF-4437-94B9-6ACE1E563956}.Debug|x86.Build.0 = Debug|Win32
		{2AD8BE4C-C1FF-4437-94B9-6ACE1E563956}.Release|x64.ActiveCfg = Release|x64
		{2AD8BE4C-C1FF-4437-94B9-6ACE1E563956}.Release|x64.Build.0 = Release|x64
		{2AD8BE4C-C1FF-4437-94B9-6ACE1E563956}.Release|x86.ActiveCfg = Release|Win32
		{2AD8BE4C-C1FF-4437-94B9-6ACE1E563956}.Release|x86.Build.0 = Release|Win32
		{33A26111-FDAB-4C7F-A279-182C6936C8F9}.Debug|x64.ActiveCfg = Debug|x64
		{33A26111-FDAB-4C7F-A279-182C6936C8F9}.Debug|x64.Build.0 = Debug|x64
		{33A26111-FDAB-4C7F-A279-182C6936C8F9}.Debug|x86.ActiveCfg = Debug|Win32
		{33A26111-FDAB-4C7F-A279-182C6936C8F9}.Debug|x86.Build.0 = Debug|Win32
		{33A26111-FDAB-4C7F-A279-182C6936C8F9}.Release|x64.ActiveCfg = Release|x64
		{33A26111-FDAB-4C7F-A279-182C6936C8F9}.Release|x64.Build.0 = Release|x64
		{33A26111-FDAB-4C7F-A279-182C6936C8F9}.Release|x86.ActiveCfg = Release|Win32
		{33A26111-FDAB-4C7F-A279-182C6936C8F9}.Release|x86.Build.0 = Release|Win32
		{720DA3E9-0861-47B1-9CC3-CC5FA86A9491}.Debug|x64.ActiveCfg = Debug|x64
		{720DA3E9-0861-47B1-9CC3-CC5FA86A9491}.Debug|x64.Build.0 = Debug|x64
		{720DA3E9-0861-47B1-9CC3-CC5FA86A9491}.Debug|x86.ActiveCfg = Debug|Win32
		{720DA3E9-0861-47B1-9CC3-CC5FA86A9491}.Debug|x86.Build.0 = Debug|Win32
		{720DA3E9-0861-47B1-9CC3-CC5FA86A9491}.Release|x64.ActiveCfg = Release|x64
		{720DA3E9-0861-47B1-9CC3-CC5FA86A9491}.Release|x64.Build.0 = Release|x64
		{720DA3E9-0861-47B1-9CC3-CC5FA86A9491}.Release|x86.ActiveCfg = Release|Win32
		{720DA3E9-0861-47B1-9CC3-CC5FA86A9491}.Release|x86.Build.0 = Release|Win32
		{F65870F3-D91D-443F-B25A-3DD9D1804DEB}.Debug|x64.ActiveCfg = Debug|x64
		{F65870F3-D91D-443F-B25A-3DD9D1804DEB}.Debug|x64.Build.0 = Debug|x64
		{F65870F3-D91D-443F-B25A-3DD9D1804DEB}.Debug|x86.ActiveCfg = Debug|Win32
		{F65870F3-D91D-443F-B25A-3DD9D1804DEB}.Debug|x86.Build.0 = Debug|Win32
		{F65870F3-D91D-443F-B25A-3DD9D1804DEB}.Release|x64.ActiveCfg = Release|x64
		{F65870F3-D91D-443F-B25A-3DD9D1804DEB}.Release|x64.Build.0 = Release|x64
		{F65870F3-D91D-443F-B25A-3DD9D1804DEB}.Release|x86.ActiveCfg = Release|Win32
		{F65870F3-D91D-443F-B25A-3DD9D1804DEB}.Release|x86.Build.0 = Release|Win32
		{34142B4A-8E21-4FB2-A5BF-07C28CC63604}.Debug|x64.ActiveCfg = Debug|x64
		{34142B4A-8E21-4FB2-A5BF-07C28CC63604}.Debug|x64.Build.0 = Debug|x64
		{34142B4A-8E21-4FB2-A5BF-07C28CC63604}.Debug|x86.ActiveCfg = Debug|Win32
		{34142B4A-8E21-4FB2-A5BF-07C28CC63604}.Debug|x86.Build.0 = Debug|Win32
		{34142B4A-8E21-4FB2-A5BF-07C28CC63604}.Release|x64.ActiveCfg = Release|x64
		{34142B4A-8E21-4FB2-A5BF-07C28CC63604}.Release|x64.Build.0 = Release|x64
		{34142B4A-8E21-4FB2-A5BF-07C28CC63604}.Release|x86.ActiveCfg = Release|Win32
		{34142B4A-8E21-4FB2-A5BF-07C28CC63604}.Release|x86.Build.0 = Release|Win32
		{A304856C-A23C-4647-8699-65C80391BBC3}.Debug|x64.ActiveCfg = Debug|x64
		{A304856C-A23C-4647-8699-65C80391BBC3}.Debug|x64.Build.0 = Debug|x64
		{A304856C-A23C-4647-8699-65C80391BBC3}.Debug|x86.ActiveCfg = Debug|Win32
		{A304856C-A23C-4647-8699-65C80391BBC3}.Debug|x86.Build.0 = Debug|Win32
		{A304856C-A23C-4647-8699-65C80391BBC3}.Release|x64.ActiveCfg = Release|x64
		{A304856C-A23C-4647-8699-65C80391BBC3}.Release|x64.Build.0 = Release|x64
		{A304856C-A23C-4647-8699-65C80391BBC3}.Release|x86.ActiveCfg = Release|Win32
		{A304856C-A23C-4647-8699-65C80391BBC3}.Release|x86.Build.0 = Release|Win32
		{9FEFC12F-7757-43B0-B007-3C0D6A854FFE}.Debug|x64.ActiveCfg = Debug|x64
		{9FEFC12F-7757-43B0-B007-3C0D6A854FFE}.Debug|x64.Build.0 = Debug|x64
		{9FEFC12F-7757-43B0-B007-3C0D6A854FFE}.Debug|x86.ActiveCfg = Debug|Win32
		{9FEFC12F-7757-43B0-B007-3C0D6A854FFE}.Debug|x86.Build.0 = Debug|Win32
		{9FEFC12F-7757-43B0-B007-3C0D6A854FFE}.Release|x64.ActiveCfg = Release|x64
		{9FEFC12F-7757-43B0-B007-3C0D6A854FFE}.Release|x64.Build.0 = Release|x64
		{9FEFC12F-7757-43B0-B007-3C0D6A854FFE}.Release|x86.ActiveCfg = Release|Win32
		{9FEFC12F-7757-43B0-B007-3C0D6A854FFE}.Release|x86.Build.0 = Release|Win32
		{A2D3CF5F-30F6-457C-AA23-2D00D0EE4C5A}.Debug|x64.ActiveCfg = Debug|x64
		{A2D3CF5F-30F6-457C-AA23-2D00D0EE4C5A}.Debug|x64.Build.0 = Debug|x64
		{A2D3CF5F-30F6-457C-AA23-2D00D0EE4C5A}.Debug|x86.ActiveCfg = Debug|Win32
		{A2D3CF5F-30F6-457C-AA23-2D00D0EE4C5A}.Debug|x86.Build.0 = Debug|Win32
		{A2D3CF5F-30F6-457C-AA23-2D00D0EE4C5A}.Release|x64.ActiveCfg = Release|x64
		{A2D3CF5F-30F6-457C-AA23-2D00D0EE4C5A}.Release|x64.Build.0 = Release|x64
		{A2D3CF5F-30F6-457C-AA23-2D00D0EE4C5A}.Release|x86.ActiveCfg = Release|Win32
		{A2D3CF5F-30F6-457C-AA23-2D00D0EE4C5A}.Release|x86.Build.0 = Release|Win32
		{606788D7-CB38-4638-97D0-3B9598E4F7C1}.Debug|x64.ActiveCfg = Debug|x64
		{606788D7-CB38-4638-97D0-3B9598E4F7C1}.Debug|x64.Build.0 = Debug|x64
		{606788D7-CB38-4638-97D0-3B9598E4F7C1}.Debug|x86.ActiveCfg = Debug|Win32
		{606788D7-CB38-4638-97D0-3B9598E4F7C1}.Debug|x86.Build.0 = Debug|Win32
		{606788D7-CB38-4638-97D0-3B9598E4F7C1}.Release|x64.ActiveCfg = Release|x64
		{606788D7-CB38-4638-97D0-3B9598E4F7C1}.Release|x64.Build.0 = Release|x64
		{606788D7-CB38-4638-97D0-3B9598E4F7C1}.Release|x86.ActiveCfg = Release|Win32
		{606788D7-CB38-4638-97D0-3B9598E4F7C1}.Release|x86.Build.0 = Release|Win32
		{9238BD36-78BE-4A5E-A798-697DC76FF8C0}.Debug|x64.ActiveCfg = Debug|x64
		{9238BD36-78BE-4A5E-A798-697DC76FF8C0}.Debug|x64.Build.0 = Debug|x64
		{9238BD36-78BE-4A5E-A798-697DC76FF8C0}.Debug|x86.ActiveCfg = Debug|Win32
		{9238BD36-78BE-4A5E-A798-697DC76FF8C0}.Debug|x86.Build.0 = Debug|Win32
		{9238BD36-78BE-4A5E-A798-697DC76FF8C0}.Release|x64.ActiveCfg = Release|x64
		{9238BD36-78BE-4A5E-A798-697DC76FF8C0}.Release|x64.Build.0 = Release|x64
		{9238BD36-78BE-4A5E-A798-697DC76FF8C0}.Release|x86.ActiveCfg = Release|Win32
		{9238BD36-78BE-4A5E-A798-697DC76FF8C0}.Release|x86.Build.0 = Release|Win32
		{6E8ACC16-8821-40F4-8FCE-E31257362C31}.Debug|x64.ActiveCfg = Debug|x64
		{6E8ACC16-8821-40F4-8FCE-E31257362C31}.Debug|x64.Build.0 = Debug|x64
		{6E8ACC16-8821-40F4-8FCE-E31257362C31}.Debug|x86.ActiveCfg = Debug|Win32
		{6E8ACC16-8821-40F4-8FCE-E31257362C31}.Debug|x86.Build.0 = Debug|Win32
		{6E8ACC16-8821-40F4-8FCE-E31257362C31}.Release|x64.ActiveCfg = Release|x64
		{6E8ACC16-8821-40F4-8FCE-E31257362C31}.Release|x64.Build.0 = Release|x64
		{6E8ACC16-8821-40F4-8FCE-E31257362C31}.Release|x86.ActiveCfg = Release|Win32
		{6E8ACC16-8821-40F4-8FCE-E31257362C31}.Release|x86.Build.0 = Release|Win32
		{C8B3A602-A531-4C60-890C-338F3108D313}.Debug|x64.ActiveCfg = Debug|x64
		{C8B3A602-A531-4C60-890C-338F3108D313}.Debug|x64.Build.0 = Debug|x64
		{C8B3A602-A531-4C60-890C-338F3108D313}.Debug|x86.ActiveCfg = Debug|Win32
		{C8B3A602-A531-4C60-890C-338F3108D313}.Debug|x86.Build.0 = Debug|Win32
		{C8B3A602-A531-4C60-890C-338F3108D313}.Release|x64.ActiveCfg = Release|x64
		{C8B3A602-A531-4C60-890C-338F3108D313}.Release|x64.Build.0 = Release|x64
		{C8B3A602-A531-4C60-890C-338F3108D313}.Release|x86.ActiveCfg = Release|Win32
		{C8B3A602-A531-4C60-890C-338F3108D313}.Release|x86.Build.0 = Release|Win32
		{E38C502F-4178-49BE-818D-FF49EA0BA501}.Debug|x64.ActiveCfg = Debug|x64
		{E38C502F-4178-49BE-818D-FF49EA0BA501}.Debug|x64.Build.0 = Debug|x64
		{E38C502F-4178-49BE-818D-FF49EA0BA501}.Debug|x86.ActiveCfg = Debug|Win32
		{E38C502F-4178-49BE-818D-FF49EA0BA501}.Debug|x86.Build.0 = Debug|Win32
		{E38C502F-4178-49BE-818D-FF49EA0BA501}.Release|x64.ActiveCfg = Release|x64
		{E38C502F-4178-49BE-818D-FF49EA0BA501}.Release|x64.Build.0 = Release|x64
		{E38C502F-4178-49BE-818D-FF49EA0BA501}.Release|x86.ActiveCfg = Release|Win32
		{E38C502F-4178-49BE-818D-FF49EA0BA501}.Release|x86.Build.0 = Release|Win32
		{907E64C9-7B41-4384-9F2B-4270E772B7CD}.Debug|x64.ActiveCfg = Debug|x64
		{907E64C9-7B41-4384-9F2B-4270E772B7CD}.Debug|x64.Build.0 = Debug|x64
		{907E64C9-7B41-4384-9F2B-4270E772B7CD}.Debug|x86.ActiveCfg = Debug|Win32
		{907E64C9-7B41-4384-9F2B-4270E772B7CD}.Debug|x86.Build.0 = Debug|Win32
		{907E64C9-7B41-4384-9F2B-4270E772B7CD}.Release|x64.ActiveCfg = Release|x64
		{907E64C9-7B41-4384-9F2B-4270E772B7CD}.Release|x64.Build.0 = Release|x64
		{907E64C9-7B41-4384-9F2B-4270E772B7CD}.Release|x86.ActiveCfg = Release|Win32
		{907E64C9-7B41-4384-9F2B-4270E772B7CD}.Release|x86.Build.0 = Release|Win32
		{5EB6CDFD-1E6D-4503-B788-5AC73F20FA76}.Debug|x64.ActiveCfg = Debug|x64
		{5EB6CDFD-1E6D-4503-B788-5AC73F20FA76}.Debug|x64.Build.0 = Debug|x64
		{5EB6CDFD-1E6D-4503-B788-5AC73F20FA76}.Debug|x86.ActiveCfg = Debug|Win32
		{5EB6CDFD-1E6D-4503-B788-5AC73F20FA76}.Debug|x86.Build.0 = Debug|Win32
		{5EB6CDFD-1E6D-4503-B788-5AC73F20FA76}.Release|x64.ActiveCfg = Release|x64
		{5EB6CDFD-1E6D-4503-B788-5AC73F20FA76}.Release|x64.Build.0 = Release|x64
		{5EB6CDFD-1E6D-4503-B788-5AC73F20FA76}.Release|x86.ActiveCfg = Release|Win32
		{5EB6CDFD-1E6D-4503-B788-5AC73F20FA76}.Release|x86.Build.0 = Release|Win32
		{6BE27915-930F-4458-B98D-C96EFC4A9826}.Debug|x64.ActiveCfg = Debug|x64
		{6BE27915-930F-4458-B98D-C96EFC4A9826}.Debug|x64.Build.0 = Debug|x64
		{6BE27915-930F-4458-B98D-C96EFC4A9826}.Debug|x86.ActiveCfg = Debug|Win32
		{6BE27915-930F-4458-B98D-C96EFC4A9826}.Debug|x86.Build.0 = Debug|Win32
		{6BE27915-930F-4458-B98D-C96EFC4A9826}.Release|x64.ActiveCfg = Release|x64
		{6BE27915-930F-4458-B98D-C96EFC4A9826}.Release|x64.Build.0 = Release|x64
		{6BE27915-930F-4458-B98D-C96EFC4A9826}.Release|x86.ActiveCfg = Release|Win32
		{6BE27915-930F-4458-B98D-C96EFC4A9826}.Release|x86.Build.0 = Release|Win32
		{6A0398C9-31B6-4248-92E8-D9CB704045BE}.Debug|x64.ActiveCfg = Debug|x64
		{6A0398C9-31B6-4248-92E8-D9CB704045BE}.Debug|x64.Build.0 = Debug|x64
		{6A0398C9-31B6-4248-92E8-D9CB704045BE}.Debug|x86.ActiveCfg = Debug|Win32
		{6A0398C9-31B6-4248-92E8-D9CB704045BE}.Debug|x86.Build.0 = Debug|Win32
		{6A0398C9-31B6-4248-92E8-D9CB704045BE}.Release|x64.ActiveCfg = Release|x64
		{6A0398C9-31B6-4248-92E8-D9CB704045BE}.Release|x64.Build.0 = Release|x64
		{6A0398C9-31B6-4248-92E8-D9CB704045BE}.Release|x86.ActiveCfg = Release|Win32
		{6A0398C9-31B6-4248-92E8-D9CB704045BE}.Release|x86.Build.0 = Release|Win32
		{9DC92E62-5EA0-4D30-9AF5-C387B29EC1A5}.Debug|x64.ActiveCfg = Debug|x64
		{9DC92E62-5EA0-4D30-9AF5-C387B29EC1A5}.Debug|x64.Build.0 = Debug|x64
		{9DC92E62-5EA0-4D30-9AF5-C387B29EC1A5}.Debug|x86.ActiveCfg = Debug|Win32
		{9DC92E62-5EA0-4D30-9AF5-C387B29EC1A5}.Debug|x86.Build.0 = Debug|Win32
		{9DC92E62-5EA0-4D30-9AF5-C387B29EC1A5}.Release|x64.ActiveCfg = Release|x64
		{9DC92E62-5EA0-4D30-9AF5-C387B29EC1A5}.Release|x64.Build.0 = Release|x64
		{9DC92E62-5EA0-4D30-9AF5-C387B29EC1A5}.Release|x86.ActiveCfg = Release|Win32
		{9DC92E62-5EA0-4D30-9AF5-C387B29EC1A5}.Release|x86.Build.0 = Release|Win32
		{8FF27B58-6438-4503-BC90-141B5069FF76}.Debug|x64.ActiveCfg = Debug|x64
		{8FF27B58-6438-4503-BC90-141B5069FF76}.Debug|x64.Build.0 = Debug|x64
		{8FF27B58-6438-4503-BC90-141B5069FF76}.Debug|x86.ActiveCfg = Debug|Win32
		{8FF27B58-6438-4503-BC90-141B5069FF76}.Debug|x86.Build.0 = Debug|Win32
		{8FF27B58-6438-4503-BC90-141B5069FF76}.Release|x64.ActiveCfg = Release|x64
		{8FF27B58-6438-4503-BC90-141B5069FF76}.Release|x64.Build.0 = Release|x64
		{8FF27B58-6438-4503-BC90-141B5069FF76}.Release|x86.ActiveCfg = Release|Win32
		{8FF27B58-6438-4503-BC90-141B5069FF76}.Release|x86.Build.0 = Release|Win32
		{4E5454D1-2024-4261-BD78-F1BC135E69AC}.Debug|x64.ActiveCfg = Debug|x64
		{4E5454D1-2024-4261-BD78-F1BC135E69AC}.Debug|x64.Build.0 = Debug|x64
		{4E5454D1-2024-4261-BD78-F1BC135E69AC}.Debug|x86.ActiveCfg = Debug|Win32
		{4E5454D1-2024-4261-BD78-F1BC135E69AC}.Debug|x86.Build.0 = Debug|Win32
		{4E5454D1-2024-4261-BD78-F1BC135E69AC}.Release|x64.ActiveCfg = Release|x64
		{4E5454D1-2024-4261-BD78-F1BC135E69AC}.Release|x64.Build.0 = Release|x64
		{4E5454D1-2024-4261-BD78-F1BC135E69AC}.Release|x86.ActiveCfg = Release|Win32
		{4E5454D1-2024-4261-BD78-F1BC135E69AC}.Release|x86.Build.0 = Release|Win32
		{93ACF220-FF0E-484E-83D6-A85EA5BA3E96}.Debug|x64.ActiveCfg = Debug|x64
		{93ACF220-FF0E-484E-83D6-A85EA5BA3E96}.Debug|x64.Build.0 = Debug|x64
		{93ACF220-FF0E-484E-83D6-A85EA5BA3E96}.Debug|x86.ActiveCfg = Debug|Win32
		{93ACF220-FF0E-484E-83D6-A85EA5BA3E96}.Debug|x86.Build.0 = Debug|Win32
		{93ACF220-FF0E-484E-83D6-A85EA5BA3E96}.Release|x64.ActiveCfg = Release|x64
		{93ACF220-FF0E-484E-83D6-A85EA5BA3E96}.Release|x64.Build.0 = Release|x64
		{93ACF220-FF0E-484E-83D6-A85EA5BA3E96}.Release|x86.ActiveCfg = Release|Win32
		{93ACF220-FF0E-484E-83D6-A85EA5BA3E96}.Release|x86.Build.0 = Release|Win32
		{2B395C7B-08B7-4B24-BE42-4D951C542C50}.Debug|x64.ActiveCfg = Debug|x64
		{2B395C7B-08B7-4B24-BE42-4D951C542C50}.Debug|x64.Build.0 = Debug|x64
		{2B395C7B-08B7-4B24-BE42-4D951C542C50}.Debug|x86.ActiveCfg = Debug|Win32
		{2B395C7B-08B7-4B24-BE42-4D951C542C50}.Debug|x86.Build.0 = Debug|Win32
		{2B395C7B-08B7-4B24-BE42-4D951C542C50}.Release|x64.ActiveCfg = Release|x64
		{2B395C7B-08B7-4B24-BE42-4D951C542C50}.Release|x64.Build.0 = Release|x64
		{2B395C7B-08B7-4B24-BE42-4D951C542C50}.Release|x86.ActiveCfg = Release|Win32
		{2B395C7B-08B7-4B24-BE42-4D951C542C50}.Release|x86.Build.0 = Release|Win32
		{9140AEDF-687A-499C-B9B9-AB4149D66F2E}.Debug|x64.ActiveCfg = Debug|x64
		{9140AEDF-687A-499C-B9B9-AB4149D66F2E}.Debug|x64.Build.0 = Debug|x64
		{9140AEDF-687A-499C-B9B9-AB4149D66F2E}.Debug|x86.ActiveCfg = Debug|Win32
		{9140AEDF-687A-499C-B9B9-AB4149D66F2E}.Debug|x86.Build.0 = Debug|Win32
		{9140AEDF-687A-499C-B9B9-AB4149D66F2E}.Release|x64.ActiveCfg = Release|x64
		{9140AEDF-687A-499C-B9B9-AB4149D66F2E}.Release|x64.Build.0 = Release|x64
		{9140AEDF-687A-499C-B9B9-AB4149D66F2E}.Release|x86.ActiveCfg = Release|Win32
		{9140AEDF-687A-499C-B9B9-AB4149D66F2E}.Release|x86.Build.0 = Release|Win32
		{E326C29E-7BEC-4EB8-9BDD-192DCCE97B77}.Debug|x64.ActiveCfg = Debug|x64
		{E326C29E-7BEC-4EB8-9BDD-192DCCE97B77}.Debug|x64.Build.0 = Debug|x64
		{E326C29E-7BEC-4EB8-9BDD-192DCCE97B77}.Debug|x86.ActiveCfg = Debug|Win32
		{E326C29E-7BEC-4EB8-9BDD-192DCCE97B77}.Debug|x86.Build.0 = Debug|Win32
		{E326C29E-7BEC-4EB8-9BDD-192DCCE97B77}.Release|x64.ActiveCfg = Release|x64
		{E326C29E-7BEC-4EB8-9BDD-192DCCE97B77}.Release|x64.Build.0 = Release|x64
		{E326C29E-7BEC-4EB8-9BDD-192DCCE97B77}.Release|x86.ActiveCfg = Release|Win32
		{E326C29E-7BEC-4EB8-9BDD-192DCCE97B77}.Release|x86.Build.0 = Release|Win32
		{67AB3090-8A15-4DB7-B0DE-6EBA4BF75430}.Debug|x64.ActiveCfg = Debug|x64
		{67AB3090-8A15-4DB7-B0DE-6EBA4BF75430}.Debug|x64.Build.0 = Debug|x64
		{67AB3090-8A15-4DB7-B0DE-6EBA4BF75430}.Debug|x86.ActiveCfg = Debug|Win32
		{67AB3090-8A15-4DB7-B0DE-6EBA4BF75430}.Debug|x86.Build.0 = Debug|Win32
		{67AB3090-8A15-4DB7-B0DE-6EBA4BF75430}.Release|x64.ActiveCfg = Release|x64
		{67AB3090-8A15-4DB7-B0DE-6EBA4BF75430}.Release|x64.Build.0 = Release|x64
		{67AB3090-8A15-4DB7-B0DE-6EBA4BF75430}.Release|x86.ActiveCfg = Release|Win32
		{67AB3090-8A15-4DB7-B0DE-6EBA4BF75430}.Release|x86.Build.0 = Release|Win32
		{7D197166-AAB5-4B6E-A60A-463E7B0BC88A}.Debug|x64.ActiveCfg = Debug|x64
		{7D197166-AAB5-4B6E-A60A-463E7B0BC88A}.Debug|x64.Build.0 = Debug|x64
		{7D197166-AAB5-4B6E-A60A-463E7B0BC88A}.Debug|x86.ActiveCfg = Debug|Win32
		{7D197166-AAB5-4B6E-A60A-463E7B0BC88A}.Debug|x86.Build.0 = Debug|Win32
		{7D197166-AAB5-4B6E-A60A-463E7B0BC88A}.Release|x64.ActiveCfg = Release|x64
		{7D197166-AAB5-4B6E-A60A-463E7B0BC88A}.Release|x64.Build.0 = Release|x64
		{7D197166-AAB5-4B6E-A60A-463E7B0BC88A}.Release|x86.ActiveCfg = Release|Win32
		{7D197166-AAB5-4B6E-A60A-463E7B0BC88A}.Release|x86.Build.0 = Release|Win32
		{37957D80-50C8-4259-B51A-FA62F6A5B886}.Debug|x64.ActiveCfg = Debug|x64
		{37957D80-50C8-4259-B51A-FA62F6A5B886}.Debug|x64.Build.0 = Debug|x64
		{37957D80-50C8-4259-B51A-FA62F6A5B886}.Debug|x86.ActiveCfg = Debug|Win32
		{37957D80-50C8-4259-B51A-FA62F6A5B886}.Debug|x86.Build.0 = Debug|Win32
		{37957D80-50C8-4259-B51A-FA62F6A5B886}.Release|x64.ActiveCfg = Release|x64
		{37957D80-50C8-4259-B51A-FA62F6A5B886}.Release|x64.Build.0 = Release|x64
		{37957D80-50C8-4259-B51A-FA62F6A5B886}.Release|x86.ActiveCfg = Release|Win32
		{37957D80-50C8-4259-B51A-FA62F6A5B886}.Release|x86.Build.0 = Release|Win32
		{775DA3BA-0E27-446C-9341-DB1A05621963}.Debug|x64.ActiveCfg = Debug|x64
		{775DA3BA-0E27-446C-9341-DB1A05621963}.Debug|x64.Build.0 = Debug|x64
		{775DA3BA-0E27-446C-9341-DB1A05621963}.Debug|x86.ActiveCfg = Debug|Win32
		{775DA3BA-0E27-446C-9341-DB1A05621963}.Debug|x86.Build.0 = Debug|Win32
		{775DA3BA-0E27-446C-9341-DB1A05621963}.Release|x64.ActiveCfg = Release|x64
		{775DA3BA-0E27-446C-9341-DB1A05621963}.Release|x64.Build.0 = Release|x64
		{775DA3BA-0E27-446C-9341-DB1A05621963}.Release|x86.ActiveCfg = Release|Win32
		{775DA3BA-0E27-446C-9341-DB1A05621963}.Release|x86.Build.0 = Release|Win32
		{647EC391-4323-41FB-97B0-C19FA960F922}.Debug|x64.ActiveCfg = Debug|x64
		{647EC391-4323-41FB-97B0-C19FA960F922}.Debug|x64.Build.0 = Debug|x64
		{647EC391-4323-41FB-97B0-C19FA960F922}.Debug|x86.ActiveCfg = Debug|Win32
		{647EC391-4323-41FB-97B0-C19FA960F922}.Debug|x86.Build.0 = Debug|Win32
		{647EC391-4323-41FB-97B0-C19FA960F922}.Release|x64.ActiveCfg = Release|x64
		{647EC391-4323-41FB-97B0-C19FA960F922}.Release|x64.Build.0 = Release|x64
		{647EC391-4323-41FB-97B0-C19FA960F922}.Release|x86.ActiveCfg = Release|Win32
		{647EC391-4323-41FB-97B0-C19FA960F922}.Release|x86.Build.0 = Release|Win32
		{ACEBF8EF-8673-4FC5-860C-E0E9AE07DC6F}.Debug|x64.ActiveCfg = Debug|x64
		{ACEBF8EF-8673-4FC5-860C-E0E9AE07DC6F}.Debug|x64.Build.0 = Debug|x64
		{ACEBF8EF-8673-4FC5-860C-E0E9AE07DC6F}.Debug|x86.ActiveCfg = Debug|Win32
		{ACEBF8EF-8673-4FC5-860C-E0E9AE07DC6F}.Debug|x86.Build.0 = Debug|Win32
		{ACEBF8EF-8673-4FC5-860C-E0E9AE07DC6F}.Release|x64.ActiveCfg = Release|x64
		{ACEBF8EF-8673-4FC5-860C-E0E9AE07DC6F}.Release|x64.Build.0 = Release|x64
		{ACEBF8EF-8673-4FC5-860C-E0E9AE07DC6F}.Release|x86.ActiveCfg = Release|Win32
		{ACEBF8EF-8673-4FC5-860C-E0E9AE07DC6F}.Release|x86.Build.0 = Release|Win32
		{AD507A7F-9781-4AE3-BB42-7FD7477031FB}.Debug|x64.ActiveCfg = Debug|x64
		{AD507A7F-9781-4AE3-BB42-7FD7477031FB}.Debug|x64.Build.0 = Debug|x64
		{AD507A7F-9781-4AE3-BB42-7FD7477031FB}.Debug|x86.ActiveCfg = Debug|Win32
		{AD507A7F-9781-4AE3-BB42-7FD7477031FB}.Debug|x86.Build.0 = Debug|Win32
		{AD507A7F-9781-4AE3-BB42-7FD7477031FB}.Release|x64.ActiveCfg = Release|x64
		{AD507A7F-9781-4AE3-BB42-7FD7477031FB}.Release|x64.Build.0 = Release|x64
		{AD507A7F-9781-4AE3-BB42-7FD7477031FB}.Release|x86.ActiveCfg = Release|Win32
		{AD507A7F-9781-4AE3-BB42-7FD7477031FB}.Release|x86.Build.0 = Release|Win32
		{AE851BC0-5781-404A-80A9-193BA4AB4715}.Debug|x64.ActiveCfg = Debug|x64
		{AE851BC0-5781-404A-80A9-193BA4AB4715}.Debug|x64.Build.0 = Debug|x64
		{AE851BC0-5781-404A-80A9-193BA4AB4715}.Debug|x86.ActiveCfg = Debug|Win32
		{AE851BC0-5781-404A-80A9-193BA4AB4715}.Debug|x86.Build.0 = Debug|Win32
		{AE851BC0-5781-404A-80A9-193BA4AB4715}.Release|x64.ActiveCfg = Release|x64
		{AE851BC0-5781-404A-80A9-193BA4AB4715}.Release|x64.Build.0 = Release|x64
		{AE851BC0-5781-404A-80A9-193BA4AB4715}.Release|x86.ActiveCfg = Release|Win32
		{AE851BC0-5781-404A-80A9-193BA4AB4715}.Release|x86.Build.0 = Release|Win32
		{F3649C50-25EE-4118-B75D-998B62AD30ED}.Debug|x64.ActiveCfg = Debug|x64
		{F3649C50-25EE-4118-B75D-998B62AD30ED}.Debug|x64.Build.0 = Debug|x64
		{F3649C50-25EE-4118-B75D-998B62AD30ED}.Debug|x86.ActiveCfg = Debug|Win32
		{F3649C50-25EE-4118-B75D-998B62AD30ED}.Debug|x86.Build.0 = Debug|Win32
		{F3649C50-25EE-4118-B75D-998B62AD30ED}.Release|x64.ActiveCfg = Release|x64
		{F3649C50-25EE-4118-B75D-998B62AD30ED}.Release|x64.Build.0 = Release|x64
		{F3649C50-25EE-4118-B75D-998B62AD30ED}.Release|x86.ActiveCfg = Release|Win32
		{F3649C50-25EE-4118-B75D-998B62AD30ED}.Release|x86.Build.0 = Release|Win32
	EndGlobalSection
	GlobalSection(SolutionProperties) = preSolution
		HideSolutionNode = FALSE
	EndGlobalSection
	GlobalSection(ExtensibilityGlobals) = postSolution
		SolutionGuid = {E7B21CB4-E093-4285-93B6-A505CB024263}
	EndGlobalSection
EndGlobal
