
Microsoft Visual Studio Solution File, Format Version 12.00
# Visual Studio 15
VisualStudioVersion = 15.0.28307.489
MinimumVisualStudioVersion = 10.0.40219.1
Project("{8BC9CEB8-8B4A-11D0-8D11-00A0C91BC942}") = "Offer03", "Offer03\Offer03.vcxproj", "{6F949D10-BFF2-48FF-80D0-FC67F0F56A63}"
EndProject
Project("{8BC9CEB8-8B4A-11D0-8D11-00A0C91BC942}") = "Offer04", "Offer04\Offer04.vcxproj", "{CA72D48D-64F7-4E9C-86B2-CEA9BF598AA0}"
EndProject
Global
	GlobalSection(SolutionConfigurationPlatforms) = preSolution
		Debug|x64 = Debug|x64
		Debug|x86 = Debug|x86
		Release|x64 = Release|x64
		Release|x86 = Release|x86
	EndGlobalSection
	GlobalSection(ProjectConfigurationPlatforms) = postSolution
		{6F949D10-BFF2-48FF-80D0-FC67F0F56A63}.Debug|x64.ActiveCfg = Debug|x64
		{6F949D10-BFF2-48FF-80D0-FC67F0F56A63}.Debug|x64.Build.0 = Debug|x64
		{6F949D10-BFF2-48FF-80D0-FC67F0F56A63}.Debug|x86.ActiveCfg = Debug|Win32
		{6F949D10-BFF2-48FF-80D0-FC67F0F56A63}.Debug|x86.Build.0 = Debug|Win32
		{6F949D10-BFF2-48FF-80D0-FC67F0F56A63}.Release|x64.ActiveCfg = Release|x64
		{6F949D10-BFF2-48FF-80D0-FC67F0F56A63}.Release|x64.Build.0 = Release|x64
		{6F949D10-BFF2-48FF-80D0-FC67F0F56A63}.Release|x86.ActiveCfg = Release|Win32
		{6F949D10-BFF2-48FF-80D0-FC67F0F56A63}.Release|x86.Build.0 = Release|Win32
		{CA72D48D-64F7-4E9C-86B2-CEA9BF598AA0}.Debug|x64.ActiveCfg = Debug|x64
		{CA72D48D-64F7-4E9C-86B2-CEA9BF598AA0}.Debug|x64.Build.0 = Debug|x64
		{CA72D48D-64F7-4E9C-86B2-CEA9BF598AA0}.Debug|x86.ActiveCfg = Debug|Win32
		{CA72D48D-64F7-4E9C-86B2-CEA9BF598AA0}.Debug|x86.Build.0 = Debug|Win32
		{CA72D48D-64F7-4E9C-86B2-CEA9BF598AA0}.Release|x64.ActiveCfg = Release|x64
		{CA72D48D-64F7-4E9C-86B2-CEA9BF598AA0}.Release|x64.Build.0 = Release|x64
		{CA72D48D-64F7-4E9C-86B2-CEA9BF598AA0}.Release|x86.ActiveCfg = Release|Win32
		{CA72D48D-64F7-4E9C-86B2-CEA9BF598AA0}.Release|x86.Build.0 = Release|Win32
	EndGlobalSection
	GlobalSection(SolutionProperties) = preSolution
		HideSolutionNode = FALSE
	EndGlobalSection
	GlobalSection(ExtensibilityGlobals) = postSolution
		SolutionGuid = {E7B21CB4-E093-4285-93B6-A505CB024263}
	EndGlobalSection
EndGlobal
